
Microsoft Visual Studio Solution File, Format Version 11.00
# Visual Studio 2010
Project("{FAE04EC0-301F-11D3-BF4B-00C04F79EFBC}") = "MereFille", "MereFille\MereFille.csproj", "{7C26C672-E6DA-4515-A482-6D94D2FA0718}"
EndProject
Project("{FAE04EC0-301F-11D3-BF4B-00C04F79EFBC}") = "MereFillev2", "MereFillev2\MereFillev2.csproj", "{636EAFFE-4F50-4F4F-8A59-526C6018AB30}"
EndProject
Global
	GlobalSection(SolutionConfigurationPlatforms) = preSolution
		Debug|x86 = Debug|x86
		Release|x86 = Release|x86
	EndGlobalSection
	GlobalSection(ProjectConfigurationPlatforms) = postSolution
		{7C26C672-E6DA-4515-A482-6D94D2FA0718}.Debug|x86.ActiveCfg = Debug|x86
		{7C26C672-E6DA-4515-A482-6D94D2FA0718}.Debug|x86.Build.0 = Debug|x86
		{7C26C672-E6DA-4515-A482-6D94D2FA0718}.Release|x86.ActiveCfg = Release|x86
		{7C26C672-E6DA-4515-A482-6D94D2FA0718}.Release|x86.Build.0 = Release|x86
		{636EAFFE-4F50-4F4F-8A59-526C6018AB30}.Debug|x86.ActiveCfg = Debug|x86
		{636EAFFE-4F50-4F4F-8A59-526C6018AB30}.Debug|x86.Build.0 = Debug|x86
		{636EAFFE-4F50-4F4F-8A59-526C6018AB30}.Release|x86.ActiveCfg = Release|x86
		{636EAFFE-4F50-4F4F-8A59-526C6018AB30}.Release|x86.Build.0 = Release|x86
	EndGlobalSection
	GlobalSection(SolutionProperties) = preSolution
		HideSolutionNode = FALSE
	EndGlobalSection
EndGlobal
